
Microsoft Visual Studio Solution File, Format Version 12.00
# Visual Studio Version 16
VisualStudioVersion = 16.0.29215.179
MinimumVisualStudioVersion = 10.0.40219.1
Project("{9A19103F-16F7-4668-BE54-9A1E7A4F7556}") = "AutoStateTransitions", "AutoStateTransitions\AutoStateTransitions.csproj", "{54ED1158-23C3-4493-AB2B-3DA956C83CDE}"
EndProject
Project("{9A19103F-16F7-4668-BE54-9A1E7A4F7556}") = "AutoStateTransitionsTest", "AutoStateTransitionsTest\AutoStateTransitionsTest.csproj", "{F8D21D5A-5372-49A6-8939-B3B1C8D95A09}"
EndProject
Global
	GlobalSection(SolutionConfigurationPlatforms) = preSolution
		Debug|Any CPU = Debug|Any CPU
		Release|Any CPU = Release|Any CPU
	EndGlobalSection
	GlobalSection(ProjectConfigurationPlatforms) = postSolution
		{54ED1158-23C3-4493-AB2B-3DA956C83CDE}.Debug|Any CPU.ActiveCfg = Debug|Any CPU
		{54ED1158-23C3-4493-AB2B-3DA956C83CDE}.Debug|Any CPU.Build.0 = Debug|Any CPU
		{54ED1158-23C3-4493-AB2B-3DA956C83CDE}.Release|Any CPU.ActiveCfg = Release|Any CPU
		{54ED1158-23C3-4493-AB2B-3DA956C83CDE}.Release|Any CPU.Build.0 = Release|Any CPU
		{F8D21D5A-5372-49A6-8939-B3B1C8D95A09}.Debug|Any CPU.ActiveCfg = Debug|Any CPU
		{F8D21D5A-5372-49A6-8939-B3B1C8D95A09}.Debug|Any CPU.Build.0 = Debug|Any CPU
		{F8D21D5A-5372-49A6-8939-B3B1C8D95A09}.Release|Any CPU.ActiveCfg = Release|Any CPU
		{F8D21D5A-5372-49A6-8939-B3B1C8D95A09}.Release|Any CPU.Build.0 = Release|Any CPU
	EndGlobalSection
	GlobalSection(SolutionProperties) = preSolution
		HideSolutionNode = FALSE
	EndGlobalSection
	GlobalSection(ExtensibilityGlobals) = postSolution
		SolutionGuid = {36E30DF4-62D7-43F5-BED8-E2DF65203271}
	EndGlobalSection
EndGlobal
